
Microsoft Visual Studio Solution File, Format Version 12.00
# Visual Studio Version 17
VisualStudioVersion = 17.4.33213.308
MinimumVisualStudioVersion = 10.0.40219.1
Project("{8BC9CEB8-8B4A-11D0-8D11-00A0C91BC942}") = "ITSA題目2", "ITSA題目2\ITSA題目2.vcxproj", "{03924148-A856-44C7-9D5A-EA39DA5F1A07}"
EndProject
Global
	GlobalSection(SolutionConfigurationPlatforms) = preSolution
		Debug|x64 = Debug|x64
		Debug|x86 = Debug|x86
		Release|x64 = Release|x64
		Release|x86 = Release|x86
	EndGlobalSection
	GlobalSection(ProjectConfigurationPlatforms) = postSolution
		{03924148-A856-44C7-9D5A-EA39DA5F1A07}.Debug|x64.ActiveCfg = Debug|x64
		{03924148-A856-44C7-9D5A-EA39DA5F1A07}.Debug|x64.Build.0 = Debug|x64
		{03924148-A856-44C7-9D5A-EA39DA5F1A07}.Debug|x86.ActiveCfg = Debug|Win32
		{03924148-A856-44C7-9D5A-EA39DA5F1A07}.Debug|x86.Build.0 = Debug|Win32
		{03924148-A856-44C7-9D5A-EA39DA5F1A07}.Release|x64.ActiveCfg = Release|x64
		{03924148-A856-44C7-9D5A-EA39DA5F1A07}.Release|x64.Build.0 = Release|x64
		{03924148-A856-44C7-9D5A-EA39DA5F1A07}.Release|x86.ActiveCfg = Release|Win32
		{03924148-A856-44C7-9D5A-EA39DA5F1A07}.Release|x86.Build.0 = Release|Win32
	EndGlobalSection
	GlobalSection(SolutionProperties) = preSolution
		HideSolutionNode = FALSE
	EndGlobalSection
	GlobalSection(ExtensibilityGlobals) = postSolution
		SolutionGuid = {6F94083E-7A84-4FA9-A154-2D6FD383A24F}
	EndGlobalSection
EndGlobal
